
Microsoft Visual Studio Solution File, Format Version 12.00
# Visual Studio Version 17
VisualStudioVersion = 17.8.34330.188
MinimumVisualStudioVersion = 10.0.40219.1
Project("{FAE04EC0-301F-11D3-BF4B-00C04F79EFBC}") = "harvesterRPG", "harvesterRPG.csproj", "{88A56F2B-AC3A-478D-B2AF-1A13F60A1117}"
EndProject
Global
	GlobalSection(SolutionConfigurationPlatforms) = preSolution
		Debug|Any CPU = Debug|Any CPU
		Release|Any CPU = Release|Any CPU
	EndGlobalSection
	GlobalSection(ProjectConfigurationPlatforms) = postSolution
		{88A56F2B-AC3A-478D-B2AF-1A13F60A1117}.Debug|Any CPU.ActiveCfg = Debug|Any CPU
		{88A56F2B-AC3A-478D-B2AF-1A13F60A1117}.Debug|Any CPU.Build.0 = Debug|Any CPU
		{88A56F2B-AC3A-478D-B2AF-1A13F60A1117}.Release|Any CPU.ActiveCfg = Release|Any CPU
		{88A56F2B-AC3A-478D-B2AF-1A13F60A1117}.Release|Any CPU.Build.0 = Release|Any CPU
	EndGlobalSection
	GlobalSection(SolutionProperties) = preSolution
		HideSolutionNode = FALSE
	EndGlobalSection
	GlobalSection(ExtensibilityGlobals) = postSolution
		SolutionGuid = {A8937FBC-061D-4F82-B4CB-8AB07066397D}
	EndGlobalSection
EndGlobal
